
Microsoft Visual Studio Solution File, Format Version 12.00
# Visual Studio Version 17
VisualStudioVersion = 17.11.35312.102
MinimumVisualStudioVersion = 10.0.40219.1
Project("{FAE04EC0-301F-11D3-BF4B-00C04F79EFBC}") = "20.04.01", "20.04.01\20.04.01.csproj", "{881497C5-6FE6-4F8F-84EF-701B1A36388E}"
EndProject
Global
	GlobalSection(SolutionConfigurationPlatforms) = preSolution
		Debug|Any CPU = Debug|Any CPU
		Release|Any CPU = Release|Any CPU
	EndGlobalSection
	GlobalSection(ProjectConfigurationPlatforms) = postSolution
		{881497C5-6FE6-4F8F-84EF-701B1A36388E}.Debug|Any CPU.ActiveCfg = Debug|Any CPU
		{881497C5-6FE6-4F8F-84EF-701B1A36388E}.Debug|Any CPU.Build.0 = Debug|Any CPU
		{881497C5-6FE6-4F8F-84EF-701B1A36388E}.Release|Any CPU.ActiveCfg = Release|Any CPU
		{881497C5-6FE6-4F8F-84EF-701B1A36388E}.Release|Any CPU.Build.0 = Release|Any CPU
	EndGlobalSection
	GlobalSection(SolutionProperties) = preSolution
		HideSolutionNode = FALSE
	EndGlobalSection
	GlobalSection(ExtensibilityGlobals) = postSolution
		SolutionGuid = {C0BCC525-0623-44EE-93D8-EF4613AD4A74}
	EndGlobalSection
EndGlobal
